// !$*UTF8*$!
{
	archiveVersion = 1;
	classes = {
	};
	objectVersion = 46;
	objects = {

/* Begin PBXBuildFile section */
		843BB3AB19C37FAC00B28D59 /* AppDelegate.swift in Sources */ = {isa = PBXBuildFile; fileRef = 843BB3AA19C37FAC00B28D59 /* AppDelegate.swift */; };
		843BB3AD19C37FAC00B28D59 /* GameViewController.swift in Sources */ = {isa = PBXBuildFile; fileRef = 843BB3AC19C37FAC00B28D59 /* GameViewController.swift */; };
		843BB3AF19C37FAC00B28D59 /* Shaders.metal in Sources */ = {isa = PBXBuildFile; fileRef = 843BB3AE19C37FAC00B28D59 /* Shaders.metal */; };
		843BB3B219C37FAC00B28D59 /* Main.storyboard in Resources */ = {isa = PBXBuildFile; fileRef = 843BB3B019C37FAC00B28D59 /* Main.storyboard */; };
		843BB3B419C37FAC00B28D59 /* Images.xcassets in Resources */ = {isa = PBXBuildFile; fileRef = 843BB3B319C37FAC00B28D59 /* Images.xcassets */; };
		843BB3B719C37FAC00B28D59 /* LaunchScreen.xib in Resources */ = {isa = PBXBuildFile; fileRef = 843BB3B519C37FAC00B28D59 /* LaunchScreen.xib */; };
		843BB3C319C37FAC00B28D59 /* GameTest1Tests.swift in Sources */ = {isa = PBXBuildFile; fileRef = 843BB3C219C37FAC00B28D59 /* GameTest1Tests.swift */; };
/* End PBXBuildFile section */

/* Begin PBXContainerItemProxy section */
		843BB3BD19C37FAC00B28D59 /* PBXContainerItemProxy */ = {
			isa = PBXContainerItemProxy;
			containerPortal = 843BB39D19C37FAC00B28D59 /* Project object */;
			proxyType = 1;
			remoteGlobalIDString = 843BB3A419C37FAC00B28D59;
			remoteInfo = GameTest1;
		};
/* End PBXContainerItemProxy section */

/* Begin PBXFileReference section */
		843BB3A519C37FAC00B28D59 /* GameTest1.app */ = {isa = PBXFileReference; explicitFileType = wrapper.application; includeInIndex = 0; path = GameTest1.app; sourceTree = BUILT_PRODUCTS_DIR; };
		843BB3A919C37FAC00B28D59 /* Info.plist */ = {isa = PBXFileReference; lastKnownFileType = text.plist.xml; path = Info.plist; sourceTree = "<group>"; };
		843BB3AA19C37FAC00B28D59 /* AppDelegate.swift */ = {isa = PBXFileReference; lastKnownFileType = sourcecode.swift; path = AppDelegate.swift; sourceTree = "<group>"; };
		843BB3AC19C37FAC00B28D59 /* GameViewController.swift */ = {isa = PBXFileReference; lastKnownFileType = sourcecode.swift; path = GameViewController.swift; sourceTree = "<group>"; };
		843BB3AE19C37FAC00B28D59 /* Shaders.metal */ = {isa = PBXFileReference; lastKnownFileType = sourcecode.metal; path = Shaders.metal; sourceTree = "<group>"; };
		843BB3B119C37FAC00B28D59 /* Base */ = {isa = PBXFileReference; lastKnownFileType = file.storyboard; name = Base; path = Base.lproj/Main.storyboard; sourceTree = "<group>"; };
		843BB3B319C37FAC00B28D59 /* Images.xcassets */ = {isa = PBXFileReference; lastKnownFileType = folder.assetcatalog; path = Images.xcassets; sourceTree = "<group>"; };
		843BB3B619C37FAC00B28D59 /* Base */ = {isa = PBXFileReference; lastKnownFileType = file.xib; name = Base; path = Base.lproj/LaunchScreen.xib; sourceTree = "<group>"; };
		843BB3BC19C37FAC00B28D59 /* GameTest1Tests.xctest */ = {isa = PBXFileReference; explicitFileType = wrapper.cfbundle; includeInIndex = 0; path = GameTest1Tests.xctest; sourceTree = BUILT_PRODUCTS_DIR; };
		843BB3C119C37FAC00B28D59 /* Info.plist */ = {isa = PBXFileReference; lastKnownFileType = text.plist.xml; path = Info.plist; sourceTree = "<group>"; };
		843BB3C219C37FAC00B28D59 /* GameTest1Tests.swift */ = {isa = PBXFileReference; lastKnownFileType = sourcecode.swift; path = GameTest1Tests.swift; sourceTree = "<group>"; };
/* End PBXFileReference section */

/* Begin PBXFrameworksBuildPhase section */
		843BB3A219C37FAC00B28D59 /* Frameworks */ = {
			isa = PBXFrameworksBuildPhase;
			buildActionMask = 2147483647;
			files = (
			);
			runOnlyForDeploymentPostprocessing = 0;
		};
		843BB3B919C37FAC00B28D59 /* Frameworks */ = {
			isa = PBXFrameworksBuildPhase;
			buildActionMask = 2147483647;
			files = (
			);
			runOnlyForDeploymentPostprocessing = 0;
		};
/* End PBXFrameworksBuildPhase section */

/* Begin PBXGroup section */
		843BB39C19C37FAC00B28D59 = {
			isa = PBXGroup;
			children = (
				843BB3A719C37FAC00B28D59 /* GameTest1 */,
				843BB3BF19C37FAC00B28D59 /* GameTest1Tests */,
				843BB3A619C37FAC00B28D59 /* Products */,
			);
			sourceTree = "<group>";
		};
		843BB3A619C37FAC00B28D59 /* Products */ = {
			isa = PBXGroup;
			children = (
				843BB3A519C37FAC00B28D59 /* GameTest1.app */,
				843BB3BC19C37FAC00B28D59 /* GameTest1Tests.xctest */,
			);
			name = Products;
			sourceTree = "<group>";
		};
		843BB3A719C37FAC00B28D59 /* GameTest1 */ = {
			isa = PBXGroup;
			children = (
				843BB3AA19C37FAC00B28D59 /* AppDelegate.swift */,
				843BB3AC19C37FAC00B28D59 /* GameViewController.swift */,
				843BB3AE19C37FAC00B28D59 /* Shaders.metal */,
				843BB3B019C37FAC00B28D59 /* Main.storyboard */,
				843BB3B319C37FAC00B28D59 /* Images.xcassets */,
				843BB3B519C37FAC00B28D59 /* LaunchScreen.xib */,
				843BB3A819C37FAC00B28D59 /* Supporting Files */,
			);
			path = GameTest1;
			sourceTree = "<group>";
		};
		843BB3A819C37FAC00B28D59 /* Supporting Files */ = {
			isa = PBXGroup;
			children = (
				843BB3A919C37FAC00B28D59 /* Info.plist */,
			);
			name = "Supporting Files";
			sourceTree = "<group>";
		};
		843BB3BF19C37FAC00B28D59 /* GameTest1Tests */ = {
			isa = PBXGroup;
			children = (
				843BB3C219C37FAC00B28D59 /* GameTest1Tests.swift */,
				843BB3C019C37FAC00B28D59 /* Supporting Files */,
			);
			path = GameTest1Tests;
			sourceTree = "<group>";
		};
		843BB3C019C37FAC00B28D59 /* Supporting Files */ = {
			isa = PBXGroup;
			children = (
				843BB3C119C37FAC00B28D59 /* Info.plist */,
			);
			name = "Supporting Files";
			sourceTree = "<group>";
		};
/* End PBXGroup section */

/* Begin PBXNativeTarget section */
		843BB3A419C37FAC00B28D59 /* GameTest1 */ = {
			isa = PBXNativeTarget;
			buildConfigurationList = 843BB3C619C37FAC00B28D59 /* Build configuration list for PBXNativeTarget "GameTest1" */;
			buildPhases = (
				843BB3A119C37FAC00B28D59 /* Sources */,
				843BB3A219C37FAC00B28D59 /* Frameworks */,
				843BB3A319C37FAC00B28D59 /* Resources */,
			);
			buildRules = (
			);
			dependencies = (
			);
			name = GameTest1;
			productName = GameTest1;
			productReference = 843BB3A519C37FAC00B28D59 /* GameTest1.app */;
			productType = "com.apple.product-type.application";
		};
		843BB3BB19C37FAC00B28D59 /* GameTest1Tests */ = {
			isa = PBXNativeTarget;
			buildConfigurationList = 843BB3C919C37FAC00B28D59 /* Build configuration list for PBXNativeTarget "GameTest1Tests" */;
			buildPhases = (
				843BB3B819C37FAC00B28D59 /* Sources */,
				843BB3B919C37FAC00B28D59 /* Frameworks */,
				843BB3BA19C37FAC00B28D59 /* Resources */,
			);
			buildRules = (
			);
			dependencies = (
				843BB3BE19C37FAC00B28D59 /* PBXTargetDependency */,
			);
			name = GameTest1Tests;
			productName = GameTest1Tests;
			productReference = 843BB3BC19C37FAC00B28D59 /* GameTest1Tests.xctest */;
			productType = "com.apple.product-type.bundle.unit-test";
		};
/* End PBXNativeTarget section */

/* Begin PBXProject section */
		843BB39D19C37FAC00B28D59 /* Project object */ = {
			isa = PBXProject;
			attributes = {
				LastUpgradeCheck = 0600;
				ORGANIZATIONNAME = Leite.NA;
				TargetAttributes = {
					843BB3A419C37FAC00B28D59 = {
						CreatedOnToolsVersion = 6.0;
					};
					843BB3BB19C37FAC00B28D59 = {
						CreatedOnToolsVersion = 6.0;
						TestTargetID = 843BB3A419C37FAC00B28D59;
					};
				};
			};
			buildConfigurationList = 843BB3A019C37FAC00B28D59 /* Build configuration list for PBXProject "GameTest1" */;
			compatibilityVersion = "Xcode 3.2";
			developmentRegion = English;
			hasScannedForEncodings = 0;
			knownRegions = (
				en,
				Base,
			);
			mainGroup = 843BB39C19C37FAC00B28D59;
			productRefGroup = 843BB3A619C37FAC00B28D59 /* Products */;
			projectDirPath = "";
			projectRoot = "";
			targets = (
				843BB3A419C37FAC00B28D59 /* GameTest1 */,
				843BB3BB19C37FAC00B28D59 /* GameTest1Tests */,
			);
		};
/* End PBXProject section */

/* Begin PBXResourcesBuildPhase section */
		843BB3A319C37FAC00B28D59 /* Resources */ = {
			isa = PBXResourcesBuildPhase;
			buildActionMask = 2147483647;
			files = (
				843BB3B219C37FAC00B28D59 /* Main.storyboard in Resources */,
				843BB3B719C37FAC00B28D59 /* LaunchScreen.xib in Resources */,
				843BB3B419C37FAC00B28D59 /* Images.xcassets in Resources */,
			);
			runOnlyForDeploymentPostprocessing = 0;
		};
		843BB3BA19C37FAC00B28D59 /* Resources */ = {
			isa = PBXResourcesBuildPhase;
			buildActionMask = 2147483647;
			files = (
			);
			runOnlyForDeploymentPostprocessing = 0;
		};
/* End PBXResourcesBuildPhase section */

/* Begin PBXSourcesBuildPhase section */
		843BB3A119C37FAC00B28D59 /* Sources */ = {
			isa = PBXSourcesBuildPhase;
			buildActionMask = 2147483647;
			files = (
				843BB3AF19C37FAC00B28D59 /* Shaders.metal in Sources */,
				843BB3AD19C37FAC00B28D59 /* GameViewController.swift in Sources */,
				843BB3AB19C37FAC00B28D59 /* AppDelegate.swift in Sources */,
			);
			runOnlyForDeploymentPostprocessing = 0;
		};
		843BB3B819C37FAC00B28D59 /* Sources */ = {
			isa = PBXSourcesBuildPhase;
			buildActionMask = 2147483647;
			files = (
				843BB3C319C37FAC00B28D59 /* GameTest1Tests.swift in Sources */,
			);
			runOnlyForDeploymentPostprocessing = 0;
		};
/* End PBXSourcesBuildPhase section */

/* Begin PBXTargetDependency section */
		843BB3BE19C37FAC00B28D59 /* PBXTargetDependency */ = {
			isa = PBXTargetDependency;
			target = 843BB3A419C37FAC00B28D59 /* GameTest1 */;
			targetProxy = 843BB3BD19C37FAC00B28D59 /* PBXContainerItemProxy */;
		};
/* End PBXTargetDependency section */

/* Begin PBXVariantGroup section */
		843BB3B019C37FAC00B28D59 /* Main.storyboard */ = {
			isa = PBXVariantGroup;
			children = (
				843BB3B119C37FAC00B28D59 /* Base */,
			);
			name = Main.storyboard;
			sourceTree = "<group>";
		};
		843BB3B519C37FAC00B28D59 /* LaunchScreen.xib */ = {
			isa = PBXVariantGroup;
			children = (
				843BB3B619C37FAC00B28D59 /* Base */,
			);
			name = LaunchScreen.xib;
			sourceTree = "<group>";
		};
/* End PBXVariantGroup section */

/* Begin XCBuildConfiguration section */
		843BB3C419C37FAC00B28D59 /* Debug */ = {
			isa = XCBuildConfiguration;
			buildSettings = {
				ALWAYS_SEARCH_USER_PATHS = NO;
				CLANG_CXX_LANGUAGE_STANDARD = "gnu++0x";
				CLANG_CXX_LIBRARY = "libc++";
				CLANG_ENABLE_MODULES = YES;
				CLANG_ENABLE_OBJC_ARC = YES;
				CLANG_WARN_BOOL_CONVERSION = YES;
				CLANG_WARN_CONSTANT_CONVERSION = YES;
				CLANG_WARN_DIRECT_OBJC_ISA_USAGE = YES_ERROR;
				CLANG_WARN_EMPTY_BODY = YES;
				CLANG_WARN_ENUM_CONVERSION = YES;
				CLANG_WARN_INT_CONVERSION = YES;
				CLANG_WARN_OBJC_ROOT_CLASS = YES_ERROR;
				CLANG_WARN_UNREACHABLE_CODE = YES;
				CLANG_WARN__DUPLICATE_METHOD_MATCH = YES;
				"CODE_SIGN_IDENTITY[sdk=iphoneos*]" = "iPhone Developer";
				COPY_PHASE_STRIP = NO;
				ENABLE_STRICT_OBJC_MSGSEND = YES;
				GCC_C_LANGUAGE_STANDARD = gnu99;
				GCC_DYNAMIC_NO_PIC = NO;
				GCC_OPTIMIZATION_LEVEL = 0;
				GCC_PREPROCESSOR_DEFINITIONS = (
					"DEBUG=1",
					"$(inherited)",
				);
				GCC_SYMBOLS_PRIVATE_EXTERN = NO;
				GCC_WARN_64_TO_32_BIT_CONVERSION = YES;
				GCC_WARN_ABOUT_RETURN_TYPE = YES_ERROR;
				GCC_WARN_UNDECLARED_SELECTOR = YES;
				GCC_WARN_UNINITIALIZED_AUTOS = YES_AGGRESSIVE;
				GCC_WARN_UNUSED_FUNCTION = YES;
				GCC_WARN_UNUSED_VARIABLE = YES;
				IPHONEOS_DEPLOYMENT_TARGET = 8.0;
				MTL_ENABLE_DEBUG_INFO = YES;
				ONLY_ACTIVE_ARCH = YES;
				SDKROOT = iphoneos;
				SWIFT_OPTIMIZATION_LEVEL = "-Onone";
			};
			name = Debug;
		};
		843BB3C519C37FAC00B28D59 /* Release */ = {
			isa = XCBuildConfiguration;
			buildSettings = {
				ALWAYS_SEARCH_USER_PATHS = NO;
				CLANG_CXX_LANGUAGE_STANDARD = "gnu++0x";
				CLANG_CXX_LIBRARY = "libc++";
				CLANG_ENABLE_MODULES = YES;
				CLANG_ENABLE_OBJC_ARC = YES;
				CLANG_WARN_BOOL_CONVERSION = YES;
				CLANG_WARN_CONSTANT_CONVERSION = YES;
				CLANG_WARN_DIRECT_OBJC_ISA_USAGE = YES_ERROR;
				CLANG_WARN_EMPTY_BODY = YES;
				CLANG_WARN_ENUM_CONVERSION = YES;
				CLANG_WARN_INT_CONVERSION = YES;
				CLANG_WARN_OBJC_ROOT_CLASS = YES_ERROR;
				CLANG_WARN_UNREACHABLE_CODE = YES;
				CLANG_WARN__DUPLICATE_METHOD_MATCH = YES;
				"CODE_SIGN_IDENTITY[sdk=iphoneos*]" = "iPhone Developer";
				COPY_PHASE_STRIP = YES;
				ENABLE_NS_ASSERTIONS = NO;
				ENABLE_STRICT_OBJC_MSGSEND = YES;
				GCC_C_LANGUAGE_STANDARD = gnu99;
				GCC_WARN_64_TO_32_BIT_CONVERSION = YES;
				GCC_WARN_ABOUT_RETURN_TYPE = YES_ERROR;
				GCC_WARN_UNDECLARED_SELECTOR = YES;
				GCC_WARN_UNINITIALIZED_AUTOS = YES_AGGRESSIVE;
				GCC_WARN_UNUSED_FUNCTION = YES;
				GCC_WARN_UNUSED_VARIABLE = YES;
				IPHONEOS_DEPLOYMENT_TARGET = 8.0;
				MTL_ENABLE_DEBUG_INFO = NO;
				SDKROOT = iphoneos;
				VALIDATE_PRODUCT = YES;
			};
			name = Release;
		};
		843BB3C719C37FAC00B28D59 /* Debug */ = {
			isa = XCBuildConfiguration;
			buildSettings = {
				ASSETCATALOG_COMPILER_APPICON_NAME = AppIcon;
				INFOPLIST_FILE = GameTest1/Info.plist;
				LD_RUNPATH_SEARCH_PATHS = "$(inherited) @executable_path/Frameworks";
				PRODUCT_NAME = "$(TARGET_NAME)";
			};
			name = Debug;
		};
		843BB3C819C37FAC00B28D59 /* Release */ = {
			isa = XCBuildConfiguration;
			buildSettings = {
				ASSETCATALOG_COMPILER_APPICON_NAME = AppIcon;
				INFOPLIST_FILE = GameTest1/Info.plist;
				LD_RUNPATH_SEARCH_PATHS = "$(inherited) @executable_path/Frameworks";
				PRODUCT_NAME = "$(TARGET_NAME)";
			};
			name = Release;
		};
		843BB3CA19C37FAC00B28D59 /* Debug */ = {
			isa = XCBuildConfiguration;
			buildSettings = {
				BUNDLE_LOADER = "$(TEST_HOST)";
				FRAMEWORK_SEARCH_PATHS = (
					"$(SDKROOT)/Developer/Library/Frameworks",
					"$(inherited)",
				);
				GCC_PREPROCESSOR_DEFINITIONS = (
					"DEBUG=1",
					"$(inherited)",
				);
				INFOPLIST_FILE = GameTest1Tests/Info.plist;
				LD_RUNPATH_SEARCH_PATHS = "$(inherited) @executable_path/Frameworks @loader_path/Frameworks";
				PRODUCT_NAME = "$(TARGET_NAME)";
				TEST_HOST = "$(BUILT_PRODUCTS_DIR)/GameTest1.app/GameTest1";
			};
			name = Debug;
		};
		843BB3CB19C37FAC00B28D59 /* Release */ = {
			isa = XCBuildConfiguration;
			buildSettings = {
				BUNDLE_LOADER = "$(TEST_HOST)";
				FRAMEWORK_SEARCH_PATHS = (
					"$(SDKROOT)/Developer/Library/Frameworks",
					"$(inherited)",
				);
				INFOPLIST_FILE = GameTest1Tests/Info.plist;
				LD_RUNPATH_SEARCH_PATHS = "$(inherited) @executable_path/Frameworks @loader_path/Frameworks";
				PRODUCT_NAME = "$(TARGET_NAME)";
				TEST_HOST = "$(BUILT_PRODUCTS_DIR)/GameTest1.app/GameTest1";
			};
			name = Release;
		};
/* End XCBuildConfiguration section */

/* Begin XCConfigurationList section */
		843BB3A019C37FAC00B28D59 /* Build configuration list for PBXProject "GameTest1" */ = {
			isa = XCConfigurationList;
			buildConfigurations = (
				843BB3C419C37FAC00B28D59 /* Debug */,
				843BB3C519C37FAC00B28D59 /* Release */,
			);
			defaultConfigurationIsVisible = 0;
			defaultConfigurationName = Release;
		};
		843BB3C619C37FAC00B28D59 /* Build configuration list for PBXNativeTarget "GameTest1" */ = {
			isa = XCConfigurationList;
			buildConfigurations = (
				843BB3C719C37FAC00B28D59 /* Debug */,
				843BB3C819C37FAC00B28D59 /* Release */,
			);
			defaultConfigurationIsVisible = 0;
		};
		843BB3C919C37FAC00B28D59 /* Build configuration list for PBXNativeTarget "GameTest1Tests" */ = {
			isa = XCConfigurationList;
			buildConfigurations = (
				843BB3CA19C37FAC00B28D59 /* Debug */,
				843BB3CB19C37FAC00B28D59 /* Release */,
			);
			defaultConfigurationIsVisible = 0;
		};
/* End XCConfigurationList section */
	};
	rootObject = 843BB39D19C37FAC00B28D59 /* Project object */;
}
